
Microsoft Visual Studio Solution File, Format Version 12.00
# Visual Studio Version 17
VisualStudioVersion = 17.4.33213.308
MinimumVisualStudioVersion = 10.0.40219.1
Project("{FAE04EC0-301F-11D3-BF4B-00C04F79EFBC}") = "testFirebase", "testFirebase\testFirebase.csproj", "{D7CA13A4-7453-4C8A-A118-09E34A8DC9DC}"
EndProject
Global
	GlobalSection(SolutionConfigurationPlatforms) = preSolution
		Debug|Any CPU = Debug|Any CPU
		Release|Any CPU = Release|Any CPU
	EndGlobalSection
	GlobalSection(ProjectConfigurationPlatforms) = postSolution
		{D7CA13A4-7453-4C8A-A118-09E34A8DC9DC}.Debug|Any CPU.ActiveCfg = Debug|Any CPU
		{D7CA13A4-7453-4C8A-A118-09E34A8DC9DC}.Debug|Any CPU.Build.0 = Debug|Any CPU
		{D7CA13A4-7453-4C8A-A118-09E34A8DC9DC}.Release|Any CPU.ActiveCfg = Release|Any CPU
		{D7CA13A4-7453-4C8A-A118-09E34A8DC9DC}.Release|Any CPU.Build.0 = Release|Any CPU
	EndGlobalSection
	GlobalSection(SolutionProperties) = preSolution
		HideSolutionNode = FALSE
	EndGlobalSection
	GlobalSection(ExtensibilityGlobals) = postSolution
		SolutionGuid = {451A48CE-75CA-409B-90AC-CB878743C457}
	EndGlobalSection
EndGlobal
